// !$*UTF8*$!
{
	archiveVersion = 1;
	classes = {
	};
	objectVersion = 48;
	objects = {

/* Begin PBXBuildFile section */
		9D161B851FD3DF71002C5065 /* CategoryPickerViewController.swift in Sources */ = {isa = PBXBuildFile; fileRef = 9D161B841FD3DF71002C5065 /* CategoryPickerViewController.swift */; };
		9D161B871FD427F9002C5065 /* ModelController.swift in Sources */ = {isa = PBXBuildFile; fileRef = 9D161B861FD427F9002C5065 /* ModelController.swift */; };
		9D161B891FD436A2002C5065 /* HudView.swift in Sources */ = {isa = PBXBuildFile; fileRef = 9D161B881FD436A2002C5065 /* HudView.swift */; };
		9D453EF81FD64C6600018B17 /* Functions.swift in Sources */ = {isa = PBXBuildFile; fileRef = 9D453EF71FD64C6600018B17 /* Functions.swift */; };
		9D4DA4431FC0871F0082E100 /* LocationDetailsViewController.swift in Sources */ = {isa = PBXBuildFile; fileRef = 9D4DA4421FC0871F0082E100 /* LocationDetailsViewController.swift */; };
		9D585B8B1FBBD3EA00F01B11 /* AppDelegate.swift in Sources */ = {isa = PBXBuildFile; fileRef = 9D585B8A1FBBD3EA00F01B11 /* AppDelegate.swift */; };
		9D585B8D1FBBD3EA00F01B11 /* CurrentLocationViewController.swift in Sources */ = {isa = PBXBuildFile; fileRef = 9D585B8C1FBBD3EA00F01B11 /* CurrentLocationViewController.swift */; };
		9D585B8F1FBBD3EA00F01B11 /* LocationsViewController.swift in Sources */ = {isa = PBXBuildFile; fileRef = 9D585B8E1FBBD3EA00F01B11 /* LocationsViewController.swift */; };
		9D585B921FBBD3EA00F01B11 /* Main.storyboard in Resources */ = {isa = PBXBuildFile; fileRef = 9D585B901FBBD3EA00F01B11 /* Main.storyboard */; };
		9D585B941FBBD3EA00F01B11 /* Assets.xcassets in Resources */ = {isa = PBXBuildFile; fileRef = 9D585B931FBBD3EA00F01B11 /* Assets.xcassets */; };
		9D585B971FBBD3EA00F01B11 /* LaunchScreen.storyboard in Resources */ = {isa = PBXBuildFile; fileRef = 9D585B951FBBD3EA00F01B11 /* LaunchScreen.storyboard */; };
		9D825B0D1FD79FDB0098A78B /* DataModel.xcdatamodeld in Sources */ = {isa = PBXBuildFile; fileRef = 9D825B0B1FD79FDB0098A78B /* DataModel.xcdatamodeld */; };
		9D825B111FD7DAD40098A78B /* Location+CoreDataClass.swift in Sources */ = {isa = PBXBuildFile; fileRef = 9D825B0F1FD7DAD40098A78B /* Location+CoreDataClass.swift */; };
		9D825B121FD7DAD40098A78B /* Location+CoreDataProperties.swift in Sources */ = {isa = PBXBuildFile; fileRef = 9D825B101FD7DAD40098A78B /* Location+CoreDataProperties.swift */; };
		9DA7129F205F9CD000E60251 /* LocationCell.swift in Sources */ = {isa = PBXBuildFile; fileRef = 9DA7129E205F9CD000E60251 /* LocationCell.swift */; };
		9DA712A2206006B400E60251 /* MapKit.framework in Frameworks */ = {isa = PBXBuildFile; fileRef = 9DA712A1206006B400E60251 /* MapKit.framework */; };
		9DA712A42060082B00E60251 /* MapViewController.swift in Sources */ = {isa = PBXBuildFile; fileRef = 9DA712A32060082B00E60251 /* MapViewController.swift */; };
/* End PBXBuildFile section */

/* Begin PBXFileReference section */
		9D161B841FD3DF71002C5065 /* CategoryPickerViewController.swift */ = {isa = PBXFileReference; lastKnownFileType = sourcecode.swift; path = CategoryPickerViewController.swift; sourceTree = "<group>"; };
		9D161B861FD427F9002C5065 /* ModelController.swift */ = {isa = PBXFileReference; lastKnownFileType = sourcecode.swift; path = ModelController.swift; sourceTree = "<group>"; };
		9D161B881FD436A2002C5065 /* HudView.swift */ = {isa = PBXFileReference; lastKnownFileType = sourcecode.swift; path = HudView.swift; sourceTree = "<group>"; };
		9D453EF71FD64C6600018B17 /* Functions.swift */ = {isa = PBXFileReference; lastKnownFileType = sourcecode.swift; path = Functions.swift; sourceTree = "<group>"; };
		9D4DA4421FC0871F0082E100 /* LocationDetailsViewController.swift */ = {isa = PBXFileReference; lastKnownFileType = sourcecode.swift; path = LocationDetailsViewController.swift; sourceTree = "<group>"; };
		9D585B871FBBD3EA00F01B11 /* MyLocations.app */ = {isa = PBXFileReference; explicitFileType = wrapper.application; includeInIndex = 0; path = MyLocations.app; sourceTree = BUILT_PRODUCTS_DIR; };
		9D585B8A1FBBD3EA00F01B11 /* AppDelegate.swift */ = {isa = PBXFileReference; lastKnownFileType = sourcecode.swift; path = AppDelegate.swift; sourceTree = "<group>"; };
		9D585B8C1FBBD3EA00F01B11 /* CurrentLocationViewController.swift */ = {isa = PBXFileReference; lastKnownFileType = sourcecode.swift; path = CurrentLocationViewController.swift; sourceTree = "<group>"; };
		9D585B8E1FBBD3EA00F01B11 /* LocationsViewController.swift */ = {isa = PBXFileReference; lastKnownFileType = sourcecode.swift; path = LocationsViewController.swift; sourceTree = "<group>"; };
		9D585B911FBBD3EA00F01B11 /* Base */ = {isa = PBXFileReference; lastKnownFileType = file.storyboard; name = Base; path = Base.lproj/Main.storyboard; sourceTree = "<group>"; };
		9D585B931FBBD3EA00F01B11 /* Assets.xcassets */ = {isa = PBXFileReference; lastKnownFileType = folder.assetcatalog; path = Assets.xcassets; sourceTree = "<group>"; };
		9D585B961FBBD3EA00F01B11 /* Base */ = {isa = PBXFileReference; lastKnownFileType = file.storyboard; name = Base; path = Base.lproj/LaunchScreen.storyboard; sourceTree = "<group>"; };
		9D585B981FBBD3EA00F01B11 /* Info.plist */ = {isa = PBXFileReference; lastKnownFileType = text.plist.xml; path = Info.plist; sourceTree = "<group>"; };
		9D825B0C1FD79FDB0098A78B /* DataModel.xcdatamodel */ = {isa = PBXFileReference; lastKnownFileType = wrapper.xcdatamodel; path = DataModel.xcdatamodel; sourceTree = "<group>"; };
		9D825B0F1FD7DAD40098A78B /* Location+CoreDataClass.swift */ = {isa = PBXFileReference; lastKnownFileType = sourcecode.swift; path = "Location+CoreDataClass.swift"; sourceTree = "<group>"; };
		9D825B101FD7DAD40098A78B /* Location+CoreDataProperties.swift */ = {isa = PBXFileReference; lastKnownFileType = sourcecode.swift; path = "Location+CoreDataProperties.swift"; sourceTree = "<group>"; };
		9DA7129E205F9CD000E60251 /* LocationCell.swift */ = {isa = PBXFileReference; lastKnownFileType = sourcecode.swift; path = LocationCell.swift; sourceTree = "<group>"; };
		9DA712A1206006B400E60251 /* MapKit.framework */ = {isa = PBXFileReference; lastKnownFileType = wrapper.framework; name = MapKit.framework; path = System/Library/Frameworks/MapKit.framework; sourceTree = SDKROOT; };
		9DA712A32060082B00E60251 /* MapViewController.swift */ = {isa = PBXFileReference; lastKnownFileType = sourcecode.swift; path = MapViewController.swift; sourceTree = "<group>"; };
/* End PBXFileReference section */

/* Begin PBXFrameworksBuildPhase section */
		9D585B841FBBD3EA00F01B11 /* Frameworks */ = {
			isa = PBXFrameworksBuildPhase;
			buildActionMask = 2147483647;
			files = (
				9DA712A2206006B400E60251 /* MapKit.framework in Frameworks */,
			);
			runOnlyForDeploymentPostprocessing = 0;
		};
/* End PBXFrameworksBuildPhase section */

/* Begin PBXGroup section */
		9D585B7E1FBBD3EA00F01B11 = {
			isa = PBXGroup;
			children = (
				9D825B0F1FD7DAD40098A78B /* Location+CoreDataClass.swift */,
				9D825B101FD7DAD40098A78B /* Location+CoreDataProperties.swift */,
				9D585B891FBBD3EA00F01B11 /* MyLocations */,
				9D585B881FBBD3EA00F01B11 /* Products */,
				9DA712A0206006B400E60251 /* Frameworks */,
			);
			sourceTree = "<group>";
		};
		9D585B881FBBD3EA00F01B11 /* Products */ = {
			isa = PBXGroup;
			children = (
				9D585B871FBBD3EA00F01B11 /* MyLocations.app */,
			);
			name = Products;
			sourceTree = "<group>";
		};
		9D585B891FBBD3EA00F01B11 /* MyLocations */ = {
			isa = PBXGroup;
			children = (
				9D585B8A1FBBD3EA00F01B11 /* AppDelegate.swift */,
				9D585B931FBBD3EA00F01B11 /* Assets.xcassets */,
				9D585B981FBBD3EA00F01B11 /* Info.plist */,
				9D585B951FBBD3EA00F01B11 /* LaunchScreen.storyboard */,
				9D585B901FBBD3EA00F01B11 /* Main.storyboard */,
				9D585B9E1FBBD80100F01B11 /* Project */,
			);
			path = MyLocations;
			sourceTree = "<group>";
		};
		9D585B9E1FBBD80100F01B11 /* Project */ = {
			isa = PBXGroup;
			children = (
				9D825B0A1FD79F980098A78B /* Controller */,
				9DA712A52060083E00E60251 /* Cell */,
				9DA712A62060084F00E60251 /* Utils */,
				9DA712A72060085F00E60251 /* Model */,
				9D825B091FD79F610098A78B /* Core Data */,
			);
			path = Project;
			sourceTree = "<group>";
		};
		9D825B091FD79F610098A78B /* Core Data */ = {
			isa = PBXGroup;
			children = (
				9D825B0B1FD79FDB0098A78B /* DataModel.xcdatamodeld */,
			);
			path = "Core Data";
			sourceTree = "<group>";
		};
		9D825B0A1FD79F980098A78B /* Controller */ = {
			isa = PBXGroup;
			children = (
				9D585B8C1FBBD3EA00F01B11 /* CurrentLocationViewController.swift */,
				9D4DA4421FC0871F0082E100 /* LocationDetailsViewController.swift */,
				9D161B841FD3DF71002C5065 /* CategoryPickerViewController.swift */,
				9D585B8E1FBBD3EA00F01B11 /* LocationsViewController.swift */,
				9DA712A32060082B00E60251 /* MapViewController.swift */,
			);
			path = Controller;
			sourceTree = "<group>";
		};
		9DA712A0206006B400E60251 /* Frameworks */ = {
			isa = PBXGroup;
			children = (
				9DA712A1206006B400E60251 /* MapKit.framework */,
			);
			name = Frameworks;
			sourceTree = "<group>";
		};
		9DA712A52060083E00E60251 /* Cell */ = {
			isa = PBXGroup;
			children = (
				9DA7129E205F9CD000E60251 /* LocationCell.swift */,
			);
			path = Cell;
			sourceTree = "<group>";
		};
		9DA712A62060084F00E60251 /* Utils */ = {
			isa = PBXGroup;
			children = (
				9D453EF71FD64C6600018B17 /* Functions.swift */,
				9D161B881FD436A2002C5065 /* HudView.swift */,
			);
			path = Utils;
			sourceTree = "<group>";
		};
		9DA712A72060085F00E60251 /* Model */ = {
			isa = PBXGroup;
			children = (
				9D161B861FD427F9002C5065 /* ModelController.swift */,
			);
			path = Model;
			sourceTree = "<group>";
		};
/* End PBXGroup section */

/* Begin PBXNativeTarget section */
		9D585B861FBBD3EA00F01B11 /* MyLocations */ = {
			isa = PBXNativeTarget;
			buildConfigurationList = 9D585B9B1FBBD3EA00F01B11 /* Build configuration list for PBXNativeTarget "MyLocations" */;
			buildPhases = (
				9D585B831FBBD3EA00F01B11 /* Sources */,
				9D585B841FBBD3EA00F01B11 /* Frameworks */,
				9D585B851FBBD3EA00F01B11 /* Resources */,
			);
			buildRules = (
			);
			dependencies = (
			);
			name = MyLocations;
			productName = MyLocations;
			productReference = 9D585B871FBBD3EA00F01B11 /* MyLocations.app */;
			productType = "com.apple.product-type.application";
		};
/* End PBXNativeTarget section */

/* Begin PBXProject section */
		9D585B7F1FBBD3EA00F01B11 /* Project object */ = {
			isa = PBXProject;
			attributes = {
				LastSwiftUpdateCheck = 0910;
				LastUpgradeCheck = 0910;
				ORGANIZATIONNAME = 123;
				TargetAttributes = {
					9D585B861FBBD3EA00F01B11 = {
						CreatedOnToolsVersion = 9.1;
						ProvisioningStyle = Automatic;
						SystemCapabilities = {
							com.apple.Maps.iOS = {
								enabled = 1;
							};
						};
					};
				};
			};
			buildConfigurationList = 9D585B821FBBD3EA00F01B11 /* Build configuration list for PBXProject "MyLocations" */;
			compatibilityVersion = "Xcode 8.0";
			developmentRegion = en;
			hasScannedForEncodings = 0;
			knownRegions = (
				en,
				Base,
			);
			mainGroup = 9D585B7E1FBBD3EA00F01B11;
			productRefGroup = 9D585B881FBBD3EA00F01B11 /* Products */;
			projectDirPath = "";
			projectRoot = "";
			targets = (
				9D585B861FBBD3EA00F01B11 /* MyLocations */,
			);
		};
/* End PBXProject section */

/* Begin PBXResourcesBuildPhase section */
		9D585B851FBBD3EA00F01B11 /* Resources */ = {
			isa = PBXResourcesBuildPhase;
			buildActionMask = 2147483647;
			files = (
				9D585B971FBBD3EA00F01B11 /* LaunchScreen.storyboard in Resources */,
				9D585B941FBBD3EA00F01B11 /* Assets.xcassets in Resources */,
				9D585B921FBBD3EA00F01B11 /* Main.storyboard in Resources */,
			);
			runOnlyForDeploymentPostprocessing = 0;
		};
/* End PBXResourcesBuildPhase section */

/* Begin PBXSourcesBuildPhase section */
		9D585B831FBBD3EA00F01B11 /* Sources */ = {
			isa = PBXSourcesBuildPhase;
			buildActionMask = 2147483647;
			files = (
				9D4DA4431FC0871F0082E100 /* LocationDetailsViewController.swift in Sources */,
				9D585B8F1FBBD3EA00F01B11 /* LocationsViewController.swift in Sources */,
				9D825B121FD7DAD40098A78B /* Location+CoreDataProperties.swift in Sources */,
				9D585B8B1FBBD3EA00F01B11 /* AppDelegate.swift in Sources */,
				9D453EF81FD64C6600018B17 /* Functions.swift in Sources */,
				9D161B871FD427F9002C5065 /* ModelController.swift in Sources */,
				9DA712A42060082B00E60251 /* MapViewController.swift in Sources */,
				9DA7129F205F9CD000E60251 /* LocationCell.swift in Sources */,
				9D161B851FD3DF71002C5065 /* CategoryPickerViewController.swift in Sources */,
				9D825B0D1FD79FDB0098A78B /* DataModel.xcdatamodeld in Sources */,
				9D161B891FD436A2002C5065 /* HudView.swift in Sources */,
				9D825B111FD7DAD40098A78B /* Location+CoreDataClass.swift in Sources */,
				9D585B8D1FBBD3EA00F01B11 /* CurrentLocationViewController.swift in Sources */,
			);
			runOnlyForDeploymentPostprocessing = 0;
		};
/* End PBXSourcesBuildPhase section */

/* Begin PBXVariantGroup section */
		9D585B901FBBD3EA00F01B11 /* Main.storyboard */ = {
			isa = PBXVariantGroup;
			children = (
				9D585B911FBBD3EA00F01B11 /* Base */,
			);
			name = Main.storyboard;
			sourceTree = "<group>";
		};
		9D585B951FBBD3EA00F01B11 /* LaunchScreen.storyboard */ = {
			isa = PBXVariantGroup;
			children = (
				9D585B961FBBD3EA00F01B11 /* Base */,
			);
			name = LaunchScreen.storyboard;
			sourceTree = "<group>";
		};
/* End PBXVariantGroup section */

/* Begin XCBuildConfiguration section */
		9D585B991FBBD3EA00F01B11 /* Debug */ = {
			isa = XCBuildConfiguration;
			buildSettings = {
				ALWAYS_SEARCH_USER_PATHS = NO;
				CLANG_ANALYZER_NONNULL = YES;
				CLANG_ANALYZER_NUMBER_OBJECT_CONVERSION = YES_AGGRESSIVE;
				CLANG_CXX_LANGUAGE_STANDARD = "gnu++14";
				CLANG_CXX_LIBRARY = "libc++";
				CLANG_ENABLE_MODULES = YES;
				CLANG_ENABLE_OBJC_ARC = YES;
				CLANG_WARN_BLOCK_CAPTURE_AUTORELEASING = YES;
				CLANG_WARN_BOOL_CONVERSION = YES;
				CLANG_WARN_COMMA = YES;
				CLANG_WARN_CONSTANT_CONVERSION = YES;
				CLANG_WARN_DIRECT_OBJC_ISA_USAGE = YES_ERROR;
				CLANG_WARN_DOCUMENTATION_COMMENTS = YES;
				CLANG_WARN_EMPTY_BODY = YES;
				CLANG_WARN_ENUM_CONVERSION = YES;
				CLANG_WARN_INFINITE_RECURSION = YES;
				CLANG_WARN_INT_CONVERSION = YES;
				CLANG_WARN_NON_LITERAL_NULL_CONVERSION = YES;
				CLANG_WARN_OBJC_LITERAL_CONVERSION = YES;
				CLANG_WARN_OBJC_ROOT_CLASS = YES_ERROR;
				CLANG_WARN_RANGE_LOOP_ANALYSIS = YES;
				CLANG_WARN_STRICT_PROTOTYPES = YES;
				CLANG_WARN_SUSPICIOUS_MOVE = YES;
				CLANG_WARN_UNGUARDED_AVAILABILITY = YES_AGGRESSIVE;
				CLANG_WARN_UNREACHABLE_CODE = YES;
				CLANG_WARN__DUPLICATE_METHOD_MATCH = YES;
				CODE_SIGN_IDENTITY = "iPhone Developer";
				COPY_PHASE_STRIP = NO;
				DEBUG_INFORMATION_FORMAT = dwarf;
				ENABLE_STRICT_OBJC_MSGSEND = YES;
				ENABLE_TESTABILITY = YES;
				GCC_C_LANGUAGE_STANDARD = gnu11;
				GCC_DYNAMIC_NO_PIC = NO;
				GCC_NO_COMMON_BLOCKS = YES;
				GCC_OPTIMIZATION_LEVEL = 0;
				GCC_PREPROCESSOR_DEFINITIONS = (
					"DEBUG=1",
					"$(inherited)",
				);
				GCC_WARN_64_TO_32_BIT_CONVERSION = YES;
				GCC_WARN_ABOUT_RETURN_TYPE = YES_ERROR;
				GCC_WARN_UNDECLARED_SELECTOR = YES;
				GCC_WARN_UNINITIALIZED_AUTOS = YES_AGGRESSIVE;
				GCC_WARN_UNUSED_FUNCTION = YES;
				GCC_WARN_UNUSED_VARIABLE = YES;
				IPHONEOS_DEPLOYMENT_TARGET = 11.1;
				MTL_ENABLE_DEBUG_INFO = YES;
				ONLY_ACTIVE_ARCH = YES;
				SDKROOT = iphoneos;
				SWIFT_ACTIVE_COMPILATION_CONDITIONS = DEBUG;
				SWIFT_OPTIMIZATION_LEVEL = "-Onone";
			};
			name = Debug;
		};
		9D585B9A1FBBD3EA00F01B11 /* Release */ = {
			isa = XCBuildConfiguration;
			buildSettings = {
				ALWAYS_SEARCH_USER_PATHS = NO;
				CLANG_ANALYZER_NONNULL = YES;
				CLANG_ANALYZER_NUMBER_OBJECT_CONVERSION = YES_AGGRESSIVE;
				CLANG_CXX_LANGUAGE_STANDARD = "gnu++14";
				CLANG_CXX_LIBRARY = "libc++";
				CLANG_ENABLE_MODULES = YES;
				CLANG_ENABLE_OBJC_ARC = YES;
				CLANG_WARN_BLOCK_CAPTURE_AUTORELEASING = YES;
				CLANG_WARN_BOOL_CONVERSION = YES;
				CLANG_WARN_COMMA = YES;
				CLANG_WARN_CONSTANT_CONVERSION = YES;
				CLANG_WARN_DIRECT_OBJC_ISA_USAGE = YES_ERROR;
				CLANG_WARN_DOCUMENTATION_COMMENTS = YES;
				CLANG_WARN_EMPTY_BODY = YES;
				CLANG_WARN_ENUM_CONVERSION = YES;
				CLANG_WARN_INFINITE_RECURSION = YES;
				CLANG_WARN_INT_CONVERSION = YES;
				CLANG_WARN_NON_LITERAL_NULL_CONVERSION = YES;
				CLANG_WARN_OBJC_LITERAL_CONVERSION = YES;
				CLANG_WARN_OBJC_ROOT_CLASS = YES_ERROR;
				CLANG_WARN_RANGE_LOOP_ANALYSIS = YES;
				CLANG_WARN_STRICT_PROTOTYPES = YES;
				CLANG_WARN_SUSPICIOUS_MOVE = YES;
				CLANG_WARN_UNGUARDED_AVAILABILITY = YES_AGGRESSIVE;
				CLANG_WARN_UNREACHABLE_CODE = YES;
				CLANG_WARN__DUPLICATE_METHOD_MATCH = YES;
				CODE_SIGN_IDENTITY = "iPhone Developer";
				COPY_PHASE_STRIP = NO;
				DEBUG_INFORMATION_FORMAT = "dwarf-with-dsym";
				ENABLE_NS_ASSERTIONS = NO;
				ENABLE_STRICT_OBJC_MSGSEND = YES;
				GCC_C_LANGUAGE_STANDARD = gnu11;
				GCC_NO_COMMON_BLOCKS = YES;
				GCC_WARN_64_TO_32_BIT_CONVERSION = YES;
				GCC_WARN_ABOUT_RETURN_TYPE = YES_ERROR;
				GCC_WARN_UNDECLARED_SELECTOR = YES;
				GCC_WARN_UNINITIALIZED_AUTOS = YES_AGGRESSIVE;
				GCC_WARN_UNUSED_FUNCTION = YES;
				GCC_WARN_UNUSED_VARIABLE = YES;
				IPHONEOS_DEPLOYMENT_TARGET = 11.1;
				MTL_ENABLE_DEBUG_INFO = NO;
				SDKROOT = iphoneos;
				SWIFT_OPTIMIZATION_LEVEL = "-Owholemodule";
				VALIDATE_PRODUCT = YES;
			};
			name = Release;
		};
		9D585B9C1FBBD3EA00F01B11 /* Debug */ = {
			isa = XCBuildConfiguration;
			buildSettings = {
				ASSETCATALOG_COMPILER_APPICON_NAME = AppIcon;
				CODE_SIGN_STYLE = Automatic;
				DEVELOPMENT_TEAM = YMNCUQG876;
				INFOPLIST_FILE = MyLocations/Info.plist;
				LD_RUNPATH_SEARCH_PATHS = "$(inherited) @executable_path/Frameworks";
				PRODUCT_BUNDLE_IDENTIFIER = com.kanat.MyLocations;
				PRODUCT_NAME = "$(TARGET_NAME)";
				SWIFT_VERSION = 4.0;
				TARGETED_DEVICE_FAMILY = "1,2";
			};
			name = Debug;
		};
		9D585B9D1FBBD3EA00F01B11 /* Release */ = {
			isa = XCBuildConfiguration;
			buildSettings = {
				ASSETCATALOG_COMPILER_APPICON_NAME = AppIcon;
				CODE_SIGN_STYLE = Automatic;
				DEVELOPMENT_TEAM = YMNCUQG876;
				INFOPLIST_FILE = MyLocations/Info.plist;
				LD_RUNPATH_SEARCH_PATHS = "$(inherited) @executable_path/Frameworks";
				PRODUCT_BUNDLE_IDENTIFIER = com.kanat.MyLocations;
				PRODUCT_NAME = "$(TARGET_NAME)";
				SWIFT_VERSION = 4.0;
				TARGETED_DEVICE_FAMILY = "1,2";
			};
			name = Release;
		};
/* End XCBuildConfiguration section */

/* Begin XCConfigurationList section */
		9D585B821FBBD3EA00F01B11 /* Build configuration list for PBXProject "MyLocations" */ = {
			isa = XCConfigurationList;
			buildConfigurations = (
				9D585B991FBBD3EA00F01B11 /* Debug */,
				9D585B9A1FBBD3EA00F01B11 /* Release */,
			);
			defaultConfigurationIsVisible = 0;
			defaultConfigurationName = Release;
		};
		9D585B9B1FBBD3EA00F01B11 /* Build configuration list for PBXNativeTarget "MyLocations" */ = {
			isa = XCConfigurationList;
			buildConfigurations = (
				9D585B9C1FBBD3EA00F01B11 /* Debug */,
				9D585B9D1FBBD3EA00F01B11 /* Release */,
			);
			defaultConfigurationIsVisible = 0;
			defaultConfigurationName = Release;
		};
/* End XCConfigurationList section */

/* Begin XCVersionGroup section */
		9D825B0B1FD79FDB0098A78B /* DataModel.xcdatamodeld */ = {
			isa = XCVersionGroup;
			children = (
				9D825B0C1FD79FDB0098A78B /* DataModel.xcdatamodel */,
			);
			currentVersion = 9D825B0C1FD79FDB0098A78B /* DataModel.xcdatamodel */;
			path = DataModel.xcdatamodeld;
			sourceTree = "<group>";
			versionGroupType = wrapper.xcdatamodel;
		};
/* End XCVersionGroup section */
	};
	rootObject = 9D585B7F1FBBD3EA00F01B11 /* Project object */;
}
